
Microsoft Visual Studio Solution File, Format Version 11.00
# Visual Studio 2010
Project("{FAE04EC0-301F-11D3-BF4B-00C04F79EFBC}") = "ImakokoTest", "Assembly-CSharp-firstpass.csproj", "{8102A442-B710-241D-88D9-E7D9F931FF8E}"
EndProject
Project("{FAE04EC0-301F-11D3-BF4B-00C04F79EFBC}") = "ImakokoTest", "Assembly-CSharp-Editor-firstpass.csproj", "{5F092689-32C3-BD7E-6C00-FB6895E3EA90}"
EndProject
Global
	GlobalSection(SolutionConfigurationPlatforms) = preSolution
		Debug|Any CPU = Debug|Any CPU
		Release|Any CPU = Release|Any CPU
	EndGlobalSection
	GlobalSection(ProjectConfigurationPlatforms) = postSolution
		{8102A442-B710-241D-88D9-E7D9F931FF8E}.Debug|Any CPU.ActiveCfg = Debug|Any CPU
		{8102A442-B710-241D-88D9-E7D9F931FF8E}.Debug|Any CPU.Build.0 = Debug|Any CPU
		{8102A442-B710-241D-88D9-E7D9F931FF8E}.Release|Any CPU.ActiveCfg = Release|Any CPU
		{8102A442-B710-241D-88D9-E7D9F931FF8E}.Release|Any CPU.Build.0 = Release|Any CPU
		{5F092689-32C3-BD7E-6C00-FB6895E3EA90}.Debug|Any CPU.ActiveCfg = Debug|Any CPU
		{5F092689-32C3-BD7E-6C00-FB6895E3EA90}.Debug|Any CPU.Build.0 = Debug|Any CPU
		{5F092689-32C3-BD7E-6C00-FB6895E3EA90}.Release|Any CPU.ActiveCfg = Release|Any CPU
		{5F092689-32C3-BD7E-6C00-FB6895E3EA90}.Release|Any CPU.Build.0 = Release|Any CPU
	EndGlobalSection
	GlobalSection(SolutionProperties) = preSolution
		HideSolutionNode = FALSE
	EndGlobalSection
	GlobalSection(MonoDevelopProperties) = preSolution
		StartupItem = Assembly-CSharp.csproj
	EndGlobalSection
EndGlobal
